{
  "name": "projet-node",
  "version": "1.0.0",
  "lockfileVersion": 3,
  "requires": true,
  "packages": {
    "": {
      "name": "projet-node",
      "version": "1.0.0",
      "license": "ISC",
      "dependencies": {
        "pi": "^2.0.4"
      }
    },
    "node_modules/pi": {
      "version": "2.0.4",
      "resolved": "https://registry.npmjs.org/pi/-/pi-2.0.4.tgz",
      "integrity": "sha512-XJclIZFY4tSfCGC7zcQU6W45GvISrKWyWB3KMrQSE1vFyAAL/mPtuer4dPB2WH12OZiwnmIyRMxkUB+s5s3C4g==",
      "dependencies": {
        "pi-decimals": "^2.0.0"
      },
      "bin": {
        "pi": "bin/pi"
      }
    },
    "node_modules/pi-decimals": {
      "version": "2.0.3",
      "resolved": "https://registry.npmjs.org/pi-decimals/-/pi-decimals-2.0.3.tgz",
      "integrity": "sha512-2IP4BhJvadut9hUIhOEi/yQSB1MJ7Sj6fhsZsELmCWEWuh7548igVMKKJm1fAuha+EbLTl1l/1R14ayMCxNRRA==",
      "hasInstallScript": true
    }
  }
}
